lockfileVersion: '9.0'

settings:
  autoInstallPeers: true
  excludeLinksFromLockfile: false

importers:

  .:
    dependencies:
      '@sparticuz/chromium':
        specifier: ^149.0.0
        version: 149.0.0
      '@vercel/blob':
        specifier: ^2.4.0
        version: 2.6.1
      next:
        specifier: 16.2.9
        version: 16.2.9(react-dom@19.2.4(react@19.2.4))(react@19.2.4)
      puppeteer-core:
        specifier: ^25.2.1
        version: 25.3.0
      react:
        specifier: 19.2.4
        version: 19.2.4
      react-dom:
        specifier: 19.2.4
        version: 19.2.4(react@19.2.4)
    devDependencies:
      '@types/node':
        specifier: ^20
        version: 20.19.43
      '@types/react':
        specifier: ^19
        version: 19.2.17
      '@types/react-dom':
        specifier: ^19
        version: 19.2.3(@types/react@19.2.17)
      typescript:
        specifier: ^5
        version: 5.9.3

packages:

  '@emnapi/runtime@1.11.2':
    resolution: {integrity: sha512-kyOl3X0DuTiT1h2ft8r2fYO8JYtU9a9Xis/zBSiGArNaagCOWx90N1k2wxp18czFDH+OgcWGb5ZP/XMt3dcyPA==}

  '@img/colour@1.1.0':
    resolution: {integrity: sha512-Td76q7j57o/tLVdgS746cYARfSyxk8iEfRxewL9h4OMzYhbW4TAcppl0mT4eyqXddh6L/jwoM75mo7ixa/pCeQ==}
    engines: {node: '>=18'}

  '@img/sharp-darwin-arm64@0.34.5':
    resolution: {integrity: sha512-imtQ3WMJXbMY4fxb/Ndp6HBTNVtWCUI0WdobyheGf5+ad6xX8VIDO8u2xE4qc/fr08CKG/7dDseFtn6M6g/r3w==}
    engines: {node: ^18.17.0 || ^20.3.0 || >=21.0.0}
    cpu: [arm64]
    os: [darwin]

  '@img/sharp-darwin-x64@0.34.5':
    resolution: {integrity: sha512-YNEFAF/4KQ/PeW0N+r+aVVsoIY0/qxxikF2SWdp+NRkmMB7y9LBZAVqQ4yhGCm/H3H270OSykqmQMKLBhBJDEw==}
    engines: {node: ^18.17.0 || ^20.3.0 || >=21.0.0}
    cpu: [x64]
    os: [darwin]

  '@img/sharp-libvips-darwin-arm64@1.2.4':
    resolution: {integrity: sha512-zqjjo7RatFfFoP0MkQ51jfuFZBnVE2pRiaydKJ1G/rHZvnsrHAOcQALIi9sA5co5xenQdTugCvtb1cuf78Vf4g==}
    cpu: [arm64]
    os: [darwin]

  '@img/sharp-libvips-darwin-x64@1.2.4':
    resolution: {integrity: sha512-1IOd5xfVhlGwX+zXv2N93k0yMONvUlANylbJw1eTah8K/Jtpi15KC+WSiaX/nBmbm2HxRM1gZ0nSdjSsrZbGKg==}
    cpu: [x64]
    os: [darwin]

  '@img/sharp-libvips-linux-arm64@1.2.4':
    resolution: {integrity: sha512-excjX8DfsIcJ10x1Kzr4RcWe1edC9PquDRRPx3YVCvQv+U5p7Yin2s32ftzikXojb1PIFc/9Mt28/y+iRklkrw==}
    cpu: [arm64]
    os: [linux]
    libc: [glibc]

  '@img/sharp-libvips-linux-arm@1.2.4':
    resolution: {integrity: sha512-bFI7xcKFELdiNCVov8e44Ia4u2byA+l3XtsAj+Q8tfCwO6BQ8iDojYdvoPMqsKDkuoOo+X6HZA0s0q11ANMQ8A==}
    cpu: [arm]
    os: [linux]
    libc: [glibc]

  '@img/sharp-libvips-linux-ppc64@1.2.4':
    resolution: {integrity: sha512-FMuvGijLDYG6lW+b/UvyilUWu5Ayu+3r2d1S8notiGCIyYU/76eig1UfMmkZ7vwgOrzKzlQbFSuQfgm7GYUPpA==}
    cpu: [ppc64]
    os: [linux]
    libc: [glibc]

  '@img/sharp-libvips-linux-riscv64@1.2.4':
    resolution: {integrity: sha512-oVDbcR4zUC0ce82teubSm+x6ETixtKZBh/qbREIOcI3cULzDyb18Sr/Wcyx7NRQeQzOiHTNbZFF1UwPS2scyGA==}
    cpu: [riscv64]
    os: [linux]
    libc: [glibc]

  '@img/sharp-libvips-linux-s390x@1.2.4':
    resolution: {integrity: sha512-qmp9VrzgPgMoGZyPvrQHqk02uyjA0/QrTO26Tqk6l4ZV0MPWIW6LTkqOIov+J1yEu7MbFQaDpwdwJKhbJvuRxQ==}
    cpu: [s390x]
    os: [linux]
    libc: [glibc]

  '@img/sharp-libvips-linux-x64@1.2.4':
    resolution: {integrity: sha512-tJxiiLsmHc9Ax1bz3oaOYBURTXGIRDODBqhveVHonrHJ9/+k89qbLl0bcJns+e4t4rvaNBxaEZsFtSfAdquPrw==}
    cpu: [x64]
    os: [linux]
    libc: [glibc]

  '@img/sharp-libvips-linuxmusl-arm64@1.2.4':
    resolution: {integrity: sha512-FVQHuwx1IIuNow9QAbYUzJ+En8KcVm9Lk5+uGUQJHaZmMECZmOlix9HnH7n1TRkXMS0pGxIJokIVB9SuqZGGXw==}
    cpu: [arm64]
    os: [linux]
    libc: [musl]

  '@img/sharp-libvips-linuxmusl-x64@1.2.4':
    resolution: {integrity: sha512-+LpyBk7L44ZIXwz/VYfglaX/okxezESc6UxDSoyo2Ks6Jxc4Y7sGjpgU9s4PMgqgjj1gZCylTieNamqA1MF7Dg==}
    cpu: [x64]
    os: [linux]
    libc: [musl]

  '@img/sharp-linux-arm64@0.34.5':
    resolution: {integrity: sha512-bKQzaJRY/bkPOXyKx5EVup7qkaojECG6NLYswgktOZjaXecSAeCWiZwwiFf3/Y+O1HrauiE3FVsGxFg8c24rZg==}
    engines: {node: ^18.17.0 || ^20.3.0 || >=21.0.0}
    cpu: [arm64]
    os: [linux]
    libc: [glibc]

  '@img/sharp-linux-arm@0.34.5':
    resolution: {integrity: sha512-9dLqsvwtg1uuXBGZKsxem9595+ujv0sJ6Vi8wcTANSFpwV/GONat5eCkzQo/1O6zRIkh0m/8+5BjrRr7jDUSZw==}
    engines: {node: ^18.17.0 || ^20.3.0 || >=21.0.0}
    cpu: [arm]
    os: [linux]
    libc: [glibc]

  '@img/sharp-linux-ppc64@0.34.5':
    resolution: {integrity: sha512-7zznwNaqW6YtsfrGGDA6BRkISKAAE1Jo0QdpNYXNMHu2+0dTrPflTLNkpc8l7MUP5M16ZJcUvysVWWrMefZquA==}
    engines: {node: ^18.17.0 || ^20.3.0 || >=21.0.0}
    cpu: [ppc64]
    os: [linux]
    libc: [glibc]

  '@img/sharp-linux-riscv64@0.34.5':
    resolution: {integrity: sha512-51gJuLPTKa7piYPaVs8GmByo7/U7/7TZOq+cnXJIHZKavIRHAP77e3N2HEl3dgiqdD/w0yUfiJnII77PuDDFdw==}
    engines: {node: ^18.17.0 || ^20.3.0 || >=21.0.0}
    cpu: [riscv64]
    os: [linux]
    libc: [glibc]

  '@img/sharp-linux-s390x@0.34.5':
    resolution: {integrity: sha512-nQtCk0PdKfho3eC5MrbQoigJ2gd1CgddUMkabUj+rBevs8tZ2cULOx46E7oyX+04WGfABgIwmMC0VqieTiR4jg==}
    engines: {node: ^18.17.0 || ^20.3.0 || >=21.0.0}
    cpu: [s390x]
    os: [linux]
    libc: [glibc]

  '@img/sharp-linux-x64@0.34.5':
    resolution: {integrity: sha512-MEzd8HPKxVxVenwAa+JRPwEC7QFjoPWuS5NZnBt6B3pu7EG2Ge0id1oLHZpPJdn3OQK+BQDiw9zStiHBTJQQQQ==}
    engines: {node: ^18.17.0 || ^20.3.0 || >=21.0.0}
    cpu: [x64]
    os: [linux]
    libc: [glibc]

  '@img/sharp-linuxmusl-arm64@0.34.5':
    resolution: {integrity: sha512-fprJR6GtRsMt6Kyfq44IsChVZeGN97gTD331weR1ex1c1rypDEABN6Tm2xa1wE6lYb5DdEnk03NZPqA7Id21yg==}
    engines: {node: ^18.17.0 || ^20.3.0 || >=21.0.0}
    cpu: [arm64]
    os: [linux]
    libc: [musl]

  '@img/sharp-linuxmusl-x64@0.34.5':
    resolution: {integrity: sha512-Jg8wNT1MUzIvhBFxViqrEhWDGzqymo3sV7z7ZsaWbZNDLXRJZoRGrjulp60YYtV4wfY8VIKcWidjojlLcWrd8Q==}
    engines: {node: ^18.17.0 || ^20.3.0 || >=21.0.0}
    cpu: [x64]
    os: [linux]
    libc: [musl]

  '@img/sharp-wasm32@0.34.5':
    resolution: {integrity: sha512-OdWTEiVkY2PHwqkbBI8frFxQQFekHaSSkUIJkwzclWZe64O1X4UlUjqqqLaPbUpMOQk6FBu/HtlGXNblIs0huw==}
    engines: {node: ^18.17.0 || ^20.3.0 || >=21.0.0}
    cpu: [wasm32]

  '@img/sharp-win32-arm64@0.34.5':
    resolution: {integrity: sha512-WQ3AgWCWYSb2yt+IG8mnC6Jdk9Whs7O0gxphblsLvdhSpSTtmu69ZG1Gkb6NuvxsNACwiPV6cNSZNzt0KPsw7g==}
    engines: {node: ^18.17.0 || ^20.3.0 || >=21.0.0}
    cpu: [arm64]
    os: [win32]

  '@img/sharp-win32-ia32@0.34.5':
    resolution: {integrity: sha512-FV9m/7NmeCmSHDD5j4+4pNI8Cp3aW+JvLoXcTUo0IqyjSfAZJ8dIUmijx1qaJsIiU+Hosw6xM5KijAWRJCSgNg==}
    engines: {node: ^18.17.0 || ^20.3.0 || >=21.0.0}
    cpu: [ia32]
    os: [win32]

  '@img/sharp-win32-x64@0.34.5':
    resolution: {integrity: sha512-+29YMsqY2/9eFEiW93eqWnuLcWcufowXewwSNIT6UwZdUUCrM3oFjMWH/Z6/TMmb4hlFenmfAVbpWeup2jryCw==}
    engines: {node: ^18.17.0 || ^20.3.0 || >=21.0.0}
    cpu: [x64]
    os: [win32]

  '@next/env@16.2.9':
    resolution: {integrity: sha512-ki5VxxXfzD/9TDe13wyeTKIjQTAwBVpnr8KhRDUr8ltMUq1/NBpWNT5tiPoxiGl+PHM4X2ahSOiPk6iAimIzPg==}

  '@next/swc-darwin-arm64@16.2.9':
    resolution: {integrity: sha512-HkfxNYUCmcct0Xsqib5KxqMSHV4AHJq857BNRchyBDs4YS19aHzVfn1kDuBYKqLLQBjXgnkIsjV2Kd4d2wzYhw==}
    engines: {node: '>= 10'}
    cpu: [arm64]
    os: [darwin]

  '@next/swc-darwin-x64@16.2.9':
    resolution: {integrity: sha512-7IAtK4MeybpqRV9GRABWEhJ62mOS+rzWOzOTFie4cSEtm12xsoOMJRcECoZx3FHPzFAqN/IJtHqWAFOLfl152w==}
    engines: {node: '>= 10'}
    cpu: [x64]
    os: [darwin]

  '@next/swc-linux-arm64-gnu@16.2.9':
    resolution: {integrity: sha512-hBD75iWpUtkL9SmQmcRhmLomn9jgkPzCEkbOcLgHymPEKzv+6ONy13RRiIEz/iEObjkS2Jlb5gYS2XGoS3X4rw==}
    engines: {node: '>= 10'}
    cpu: [arm64]
    os: [linux]
    libc: [glibc]

  '@next/swc-linux-arm64-musl@16.2.9':
    resolution: {integrity: sha512-qZTI3pf9SGc/obr8NkQAekBxmp1QK+kVm+VAf3BALLfFAj+1kUhkTxmrWpVos9R/UYIA8AWX2p6cGI5WdwzVUA==}
    engines: {node: '>= 10'}
    cpu: [arm64]
    os: [linux]
    libc: [musl]

  '@next/swc-linux-x64-gnu@16.2.9':
    resolution: {integrity: sha512-xm0HfRNX+UkH4R3c18ynswjj5o5uEj/7iI9p9omdtTSIsRCzQqkGMA+10nzJ4EHnYC3as65IMhbbl5fWRUWHYg==}
    engines: {node: '>= 10'}
    cpu: [x64]
    os: [linux]
    libc: [glibc]

  '@next/swc-linux-x64-musl@16.2.9':
    resolution: {integrity: sha512-QumimHkGEG6vM3PfEDWKyKen03NcqLOkeKB1EfcPe7VxzmEiCa4jNnMyBn/US5zcd/VE1CI+O8Ovb3lfjVHfGw==}
    engines: {node: '>= 10'}
    cpu: [x64]
    os: [linux]
    libc: [musl]

  '@next/swc-win32-arm64-msvc@16.2.9':
    resolution: {integrity: sha512-hzQpKZvw8rAwI6A2uQh6SacCSvNAXaIkPNsWwzqqfRiIMiXMfH936skDhz1OO6KpvdKkJrgHHtqQOq5PIXOvdQ==}
    engines: {node: '>= 10'}
    cpu: [arm64]
    os: [win32]

  '@next/swc-win32-x64-msvc@16.2.9':
    resolution: {integrity: sha512-qr2VL3Ce5QrwgO2yh1ujSBawrimjVKX8FGF/cOynmdYKJY0BdHpGVNIRK1tqONB10Vkm25Ub1BD2bkjWs4+96w==}
    engines: {node: '>= 10'}
    cpu: [x64]
    os: [win32]

  '@puppeteer/browsers@3.0.6':
    resolution: {integrity: sha512-B/gKoqlFkzhvzsI6jo9K1cZz9o5ypviVv/xu8CwA4grZzyVwN+XfkT+tu8T1zrauuEXv6VhS2oGX+6NL95WcKA==}
    engines: {node: '>=22.12.0'}
    hasBin: true
    peerDependencies:
      proxy-agent: '>=8.0.1'
      yauzl: ^2.10.0 || ^3.4.0
    peerDependenciesMeta:
      proxy-agent:
        optional: true
      yauzl:
        optional: true

  '@sparticuz/chromium@149.0.0':
    resolution: {integrity: sha512-2NECBVKlUA9xIUXb4fT8OoGKdAJs+I2tNYscO8FwcxCKCWA7FmpPI0fdVxGJoIJglrFZYn+4YEJqChq4rdrxQg==}
    engines: {node: ^22.17.0 || >=24.0.0}

  '@swc/helpers@0.5.15':
    resolution: {integrity: sha512-JQ5TuMi45Owi4/BIMAJBoSQoOJu12oOk/gADqlcUL9JEdHB8vyjUSsxqeNXnmXHjYKMi2WcYtezGEEhqUI/E2g==}

  '@types/node@20.19.43':
    resolution: {integrity: sha512-6oYBAi5ikg4Pl+kGsoYtawUMBT2zZMCvPNF7pVLnHZfd1zf38DRiWn/gT01RYCdUqkv7Fhr+C9ot4/tb+2sVvA==}

  '@types/react-dom@19.2.3':
    resolution: {integrity: sha512-jp2L/eY6fn+KgVVQAOqYItbF0VY/YApe5Mz2F0aykSO8gx31bYCZyvSeYxCHKvzHG5eZjc+zyaS5BrBWya2+kQ==}
    peerDependencies:
      '@types/react': ^19.2.0

  '@types/react@19.2.17':
    resolution: {integrity: sha512-MXfmqaVPEVgkBT/aY0aGCkRWWtByiYQXo3xdQ8r5RzuFrPiRn8Gar2tQdXSUQ2GKV3bkXckek89V8wQBY2Q/Aw==}

  '@vercel/blob@2.6.1':
    resolution: {integrity: sha512-KTJytw85j1XQBxjN5d6UXI7fIWNQe1jotn4nWN+0hePqLs+Qi1B3jHdQcSKFGF0m2rsy9uhPT6GOXMtHe3qNzg==}
    engines: {node: '>=20.0.0'}

  '@vercel/cli-config@0.2.0':
    resolution: {integrity: sha512-fJRRRB7734BDuXZ89yBEaA2ncYhH7bWX30mk04W80J6VAfQc+4iB8lyzAdaGpFV3/vNlkt9VZt+/uoQoWX6UsQ==}

  '@vercel/cli-exec@1.0.0':
    resolution: {integrity: sha512-kQF8LGie/Hbdq9/psJxLE7owRTcqMQMhgybU04gCeR7cbQAr5t8OrjefDNColJv1QSSucFt4pLwRiARVmlOnug==}
    engines: {node: '>= 18'}

  '@vercel/oidc@3.8.0':
    resolution: {integrity: sha512-r00laGW6Pv778RoR6M2NxX91ycSj+PBwVo+fOb9Bif+F0IyUKt25zrvBzfEzQpeAzbqOgPZyQibEWDdDFApd+A==}
    engines: {node: '>= 20'}

  ansi-regex@6.2.2:
    resolution: {integrity: sha512-Bq3SmSpyFHaWjPk8If9yc6svM8c56dB5BAtW4Qbw5jHTwwXXcTLoRMkpDJp6VL0XzlWaCHTXrkFURMYmD0sLqg==}
    engines: {node: '>=12'}

  ansi-styles@6.2.3:
    resolution: {integrity: sha512-4Dj6M28JB+oAH8kFkTLUo+a2jwOFkuqb3yucU0CANcRRUbxS0cP0nZYCGjcc3BNXwRIsUVmDGgzawme7zvJHvg==}
    engines: {node: '>=12'}

  async-retry@1.3.3:
    resolution: {integrity: sha512-wfr/jstw9xNi/0teMHrRW7dsz3Lt5ARhYNZ2ewpadnhaIp5mbALhOAP+EAdsC7t4Z6wqsDVv9+W6gm1Dk9mEyw==}

  b4a@1.8.1:
    resolution: {integrity: sha512-aiqre1Nr0B/6DgE2N5vwTc+2/oQZ4Wh1t4NznYY4E00y8LCt6NqdRv81so00oo27D8MVKTpUa/MwUUtBLXCoDw==}
    peerDependencies:
      react-native-b4a: '*'
    peerDependenciesMeta:
      react-native-b4a:
        optional: true

  bare-events@2.9.1:
    resolution: {integrity: sha512-Z0oHEHAFDZkffN8Qc39zNZjQlMDkPJRyyyZieU1VH7u8c5S+qHZ2S8ixdKIAxEjfHO7FJxXmJWgteOghVanIsg==}
    peerDependencies:
      bare-abort-controller: '*'
    peerDependenciesMeta:
      bare-abort-controller:
        optional: true

  bare-fs@4.7.4:
    resolution: {integrity: sha512-y1kC+ffIx/tPLdTE693uNjHfzTfr+ravR5tvWlMXe25nELbkqV400S71qHDwbkAQ1FVEZobB1NFRzFbCCcyBCQ==}
    engines: {bare: '>=1.16.0'}
    peerDependencies:
      bare-buffer: '*'
    peerDependenciesMeta:
      bare-buffer:
        optional: true

  bare-path@3.1.1:
    resolution: {integrity: sha512-JprUlveX3QjApC1cTpsUOiscADftCGVWkzitbHsRqv84hzYwYHw2mbluddsq5TvI8mH/8Ov1f4BiMAdcB0oYnQ==}

  bare-stream@2.13.3:
    resolution: {integrity: sha512-Kc+brLqvEqGkjyfiwJmImAOqLZL7OsoLKuavx+hJjgVV3nLTOjloJyPMFxjUPerGGHrNH0fLU06jjykMLWrERQ==}
    peerDependencies:
      bare-abort-controller: '*'
      bare-buffer: '*'
      bare-events: '*'
    peerDependenciesMeta:
      bare-abort-controller:
        optional: true
      bare-buffer:
        optional: true
      bare-events:
        optional: true

  bare-url@2.4.5:
    resolution: {integrity: sha512-K+y9xF1tN+CdPu4qWwr0QiK1Al07eFPGYK5M2pDXcmHdMdgC/tT/bpmMe1hrmRHaidKLkXrC+cRNYf3XVDUhSQ==}

  baseline-browser-mapping@2.10.43:
    resolution: {integrity: sha512-AjYpR78kDWAY3Efj+cDTFH9t9SCoL7OoTp1BOb0mQV7S+6CiLwnWM3FyxhJtdPufDFKzmCSFoUncKjWgJEZTCQ==}
    engines: {node: '>=6.0.0'}
    hasBin: true

  caniuse-lite@1.0.30001805:
    resolution: {integrity: sha512-52noaS3DubycKSXaU30TwPGIp+POyQSUVa5jBEq3vkRkY0kjyb3LQgvhU6WGyCcyXqVLWO0Cw0Q6BSdD0kUfVA==}

  chromium-bidi@16.0.1:
    resolution: {integrity: sha512-J63PGu/9PpeCwLIcKYyzWP6yaVL5pxuBc0shlYCYM8BaAkmlwiQboXO1iNbOgSDbVklEyYFfNEcHD8oOAWacUA==}
    engines: {node: '>=20.19.0 <22.0.0 || >=22.12.0'}
    peerDependencies:
      devtools-protocol: '*'

  client-only@0.0.1:
    resolution: {integrity: sha512-IV3Ou0jSMzZrd3pZ48nLkT9DA7Ag1pnPzaiQhpW7c3RbcqqzvzzVu+L8gfqMp/8IM2MQtSiqaCxrrcfu8I8rMA==}

  cliui@9.0.1:
    resolution: {integrity: sha512-k7ndgKhwoQveBL+/1tqGJYNz097I7WOvwbmmU2AR5+magtbjPWQTS1C5vzGkBC8Ym8UWRzfKUzUUqFLypY4Q+w==}
    engines: {node: '>=20'}

  cross-spawn@7.0.6:
    resolution: {integrity: sha512-uV2QOWP2nWzsy2aMp8aRibhi9dlzF5Hgh5SHaB9OiTGEyDTiJJyx0uy51QXdyWbtAHNua4XJzUKca3OzKUd3vA==}
    engines: {node: '>= 8'}

  csstype@3.2.3:
    resolution: {integrity: sha512-z1HGKcYy2xA8AGQfwrn0PAy+PB7X/GSj3UVJW9qKyn43xWa+gl5nXmU4qqLMRzWVLFC8KusUX8T/0kCiOYpAIQ==}

  detect-libc@2.1.2:
    resolution: {integrity: sha512-Btj2BOOO83o3WyH59e8MgXsxEQVcarkUOpEYrubB0urwnN10yQ364rsiByU11nZlqWYZm05i/of7io4mzihBtQ==}
    engines: {node: '>=8'}

  devtools-protocol@0.0.1638949:
    resolution: {integrity: sha512-mXwg4Fqnv0WR4iuAT/gYUmctNkjILwXFHyZ+m7Ty1dfr0ezZt2U3gnrrJTfRobJTHoXf+IbuFvFITzLrLFjwJA==}

  emoji-regex@10.6.0:
    resolution: {integrity: sha512-toUI84YS5YmxW219erniWD0CIVOo46xGKColeNQRgOzDorgBi1v4D71/OFzgD9GO2UGKIv1C3Sp8DAn0+j5w7A==}

  end-of-stream@1.4.5:
    resolution: {integrity: sha512-ooEGc6HP26xXq/N+GCGOT0JKCLDGrq2bQUZrQ7gyrJiZANJ/8YDTxTpQBXGMn+WbIQXNVpyWymm7KYVICQnyOg==}

  escalade@3.2.0:
    resolution: {integrity: sha512-WUj2qlxaQtO4g6Pq5c29GTcWGDyd8itL8zTlipgECz3JesAiiOKotd8JU6otB3PACgG6xkJUyVhboMS+bje/jA==}
    engines: {node: '>=6'}

  events-universal@1.0.1:
    resolution: {integrity: sha512-LUd5euvbMLpwOF8m6ivPCbhQeSiYVNb8Vs0fQ8QjXo0JTkEHpz8pxdQf0gStltaPpw0Cca8b39KxvK9cfKRiAw==}

  execa@5.1.1:
    resolution: {integrity: sha512-8uSpZZocAZRBAPIEINJj3Lo9HyGitllczc27Eh5YYojjMFMn8yHMDMaUHE2Jqfq05D/wucwI4JGURyXt1vchyg==}
    engines: {node: '>=10'}

  fast-fifo@1.3.2:
    resolution: {integrity: sha512-/d9sfos4yxzpwkDkuN7k2SqFKtYNmCTzgfEpz82x34IM9/zc8KGxQoXg1liNC/izpRM/MBdt44Nmx41ZWqk+FQ==}

  get-caller-file@2.0.5:
    resolution: {integrity: sha512-DyFP3BM/3YHTQOCUL/w0OZHR0lpKeGrxotcHWcqNEdnltqFwXVfhEBQ94eIo34AfQpo0rGki4cyIiftY06h2Fg==}
    engines: {node: 6.* || 8.* || >= 10.*}

  get-east-asian-width@1.6.0:
    resolution: {integrity: sha512-QRbvDIbx6YklUe6RxeTeleMR0yv3cYH6PsPZHcnVn7xv7zO1BHN8r0XETu8n6Ye3Q+ahtSarc3WgtNWmehIBfA==}
    engines: {node: '>=18'}

  get-stream@6.0.1:
    resolution: {integrity: sha512-ts6Wi+2j3jQjqi70w5AlN8DFnkSwC+MqmxEzdEALB2qXZYV3X/b1CTfgPLGJNMeAWxdPfU8FO1ms3NUfaHCPYg==}
    engines: {node: '>=10'}

  human-signals@2.1.0:
    resolution: {integrity: sha512-B4FFZ6q/T2jhhksgkbEW3HBvWIfDW85snkQgawt07S7J5QXTk6BkNV+0yAeZrM5QpMAdYlocGoljn0sJ/WQkFw==}
    engines: {node: '>=10.17.0'}

  is-buffer@2.0.5:
    resolution: {integrity: sha512-i2R6zNFDwgEHJyQUtJEk0XFi1i0dPFn/oqjK3/vPCcDeJvW5NQ83V8QbicfF1SupOaB0h8ntgBC2YiE7dfyctQ==}
    engines: {node: '>=4'}

  is-node-process@1.2.0:
    resolution: {integrity: sha512-Vg4o6/fqPxIjtxgUH5QLJhwZ7gW5diGCVlXpuUfELC62CuxM1iHcRe51f2W1FDy04Ai4KJkagKjx3XaqyfRKXw==}

  is-stream@2.0.1:
    resolution: {integrity: sha512-hFoiJiTl63nn+kstHGBtewWSKnQLpyb155KHheA1l39uvtO9nWIop1p3udqPcUd/xbF1VLMO4n7OI6p7RbngDg==}
    engines: {node: '>=8'}

  isexe@2.0.0:
    resolution: {integrity: sha512-RHxMLp9lnKHGHRng9QFhRCMbYAcVpn69smSGcq3f36xjgVVWThj4qqLbTLlq7Ssj8B+fIQ1EuCEGI2lKsyQeIw==}

  jose@5.10.0:
    resolution: {integrity: sha512-s+3Al/p9g32Iq+oqXxkW//7jk2Vig6FF1CFqzVXoTUXt2qz89YWbL+OwS17NFYEvxC35n0FKeGO2LGYSxeM2Gg==}

  merge-stream@2.0.0:
    resolution: {integrity: sha512-abv/qOcuPfk3URPfDzmZU1LKmuw8kT+0nIHvKrKgFrwifol/doWcdA4ZqsWQ8ENrFKkd67Mfpo/LovbIUsbt3w==}

  mimic-fn@2.1.0:
    resolution: {integrity: sha512-OqbOk5oEQeAZ8WXWydlu9HJjz9WVdEIvamMCcXmuqUYjTknH/sqsWvhQ3vgwKFRR1HpjvNBKQ37nbJgYzGqGcg==}
    engines: {node: '>=6'}

  mitt@3.0.1:
    resolution: {integrity: sha512-vKivATfr97l2/QBCYAkXYDbrIWPM2IIKEl7YPhjCvKlG3kE2gm+uBo6nEXK3M5/Ffh/FLpKExzOQ3JJoJGFKBw==}

  modern-tar@0.7.6:
    resolution: {integrity: sha512-sweCIVXzx1aIGTCdzcMlSZt1h8k5Tmk08VNAuRk3IU28XamGiOH5ypi11g6De2CH7PhYqSSnGy2A/EFhbWnVKg==}
    engines: {node: '>=18.0.0'}

  nanoid@3.3.16:
    resolution: {integrity: sha512-bzlKTyNJ7+LdGIIwy8ijFpIqEQIvafahV7eYykJ8Cvh42EdJeODoJ6gUJXpQJvej1BddH8OqTXZNE/KfbWAu8Q==}
    engines: {node: ^10 || ^12 || ^13.7 || ^14 || >=15.0.1}
    hasBin: true

  next@16.2.9:
    resolution: {integrity: sha512-MEOJiq/UvuezAdqVSceHbqDgZt1kDw2tpGVOlsdIoJsQdbN2JY2hpVG4xnXGkbdJUOEWhnRfiu/O4Hpc9Juwww==}
    engines: {node: '>=20.9.0'}
    hasBin: true
    peerDependencies:
      '@opentelemetry/api': ^1.1.0
      '@playwright/test': ^1.51.1
      babel-plugin-react-compiler: '*'
      react: ^18.2.0 || 19.0.0-rc-de68d2f4-20241204 || ^19.0.0
      react-dom: ^18.2.0 || 19.0.0-rc-de68d2f4-20241204 || ^19.0.0
      sass: ^1.3.0
    peerDependenciesMeta:
      '@opentelemetry/api':
        optional: true
      '@playwright/test':
        optional: true
      babel-plugin-react-compiler:
        optional: true
      sass:
        optional: true

  npm-run-path@4.0.1:
    resolution: {integrity: sha512-S48WzZW777zhNIrn7gxOlISNAqi9ZC/uQFnRdbeIHhZhCA6UqpkOT8T1G7BvfdgP4Er8gF4sUbaS0i7QvIfCWw==}
    engines: {node: '>=8'}

  once@1.4.0:
    resolution: {integrity: sha512-lNaJgI+2Q5URQBkccEKHTQOPaXdUxnZZElQTZY0MFUAuaEqe1E+Nyvgdz/aIyNi6Z9MzO5dv1H8n58/GELp3+w==}

  onetime@5.1.2:
    resolution: {integrity: sha512-kbpaSSGJTWdAY5KPVeMOKXSrPtr8C8C7wodJbcsd51jRnmD+GZu8Y0VoU6Dm5Z4vWr0Ig/1NKuWRKf7j5aaYSg==}
    engines: {node: '>=6'}

  os-paths@4.4.0:
    resolution: {integrity: sha512-wrAwOeXp1RRMFfQY8Sy7VaGVmPocaLwSFOYCGKSyo8qmJ+/yaafCl5BCA1IQZWqFSRBrKDYFeR9d/VyQzfH/jg==}
    engines: {node: '>= 6.0'}

  path-key@3.1.1:
    resolution: {integrity: sha512-ojmeN0qd+y0jszEtoY48r0Peq5dwMEkIlCOu6Q5f41lfkswXuKtYrhgoTpLnyIcHm24Uhqx+5Tqm2InSwLhE6Q==}
    engines: {node: '>=8'}

  picocolors@1.1.1:
    resolution: {integrity: sha512-xceH2snhtb5M9liqDsmEw56le376mTZkEX/jEb/RxNFyegNul7eNslCXP9FDj/Lcu0X8KEyMceP2ntpaHrDEVA==}

  postcss@8.4.31:
    resolution: {integrity: sha512-PS08Iboia9mts/2ygV3eLpY5ghnUcfLV/EXTOW1E2qYxJKGGBUtNjN76FYHnMs36RmARn41bC0AZmn+rR0OVpQ==}
    engines: {node: ^10 || ^12 || >=14}

  pump@3.0.4:
    resolution: {integrity: sha512-VS7sjc6KR7e1ukRFhQSY5LM2uBWAUPiOPa/A3mkKmiMwSmRFUITt0xuj+/lesgnCv+dPIEYlkzrcyXgquIHMcA==}

  puppeteer-core@25.3.0:
    resolution: {integrity: sha512-fm+wpUr2oigH1PXZvwgATrM2tYWHMDG8ASzTEe9uukCye4X5Ldx1K5BTHPFKITrIWvQQAQ256d1NpbEveBcKjA==}
    engines: {node: '>=22.12.0'}

  react-dom@19.2.4:
    resolution: {integrity: sha512-AXJdLo8kgMbimY95O2aKQqsz2iWi9jMgKJhRBAxECE4IFxfcazB2LmzloIoibJI3C12IlY20+KFaLv+71bUJeQ==}
    peerDependencies:
      react: ^19.2.4

  react@19.2.4:
    resolution: {integrity: sha512-9nfp2hYpCwOjAN+8TZFGhtWEwgvWHXqESH8qT89AT/lWklpLON22Lc8pEtnpsZz7VmawabSU0gCjnj8aC0euHQ==}
    engines: {node: '>=0.10.0'}

  retry@0.13.1:
    resolution: {integrity: sha512-XQBQ3I8W1Cge0Seh+6gjj03LbmRFWuoszgK9ooCpwYIrhhoO80pfq4cUkU5DkknwfOfFteRwlZ56PYOGYyFWdg==}
    engines: {node: '>= 4'}

  scheduler@0.27.0:
    resolution: {integrity: sha512-eNv+WrVbKu1f3vbYJT/xtiF5syA5HPIMtf9IgY/nKg0sWqzAUEvqY/xm7OcZc/qafLx/iO9FgOmeSAp4v5ti/Q==}

  semver@7.8.5:
    resolution: {integrity: sha512-Y7/KDsb8LjooZpwaqGyulO6DQlksgCncchHGk+sZIY4SBvUocMBEFH5Ur1fI4dV+Jvl0w6cjvucaIi40puRioA==}
    engines: {node: '>=10'}
    hasBin: true

  sharp@0.34.5:
    resolution: {integrity: sha512-Ou9I5Ft9WNcCbXrU9cMgPBcCK8LiwLqcbywW3t4oDV37n1pzpuNLsYiAV8eODnjbtQlSDwZ2cUEeQz4E54Hltg==}
    engines: {node: ^18.17.0 || ^20.3.0 || >=21.0.0}

  shebang-command@2.0.0:
    resolution: {integrity: sha512-kHxr2zZpYtdmrN1qDjrrX/Z1rR1kG8Dx+gkpK1G4eXmvXswmcE1hTWBWYUzlraYw1/yZp6YuDY77YtvbN0dmDA==}
    engines: {node: '>=8'}

  shebang-regex@3.0.0:
    resolution: {integrity: sha512-7++dFhtcx3353uBaq8DDR4NuxBetBzC7ZQOhmTQInHEd6bSrXdiEyzCvG07Z44UYdLShWUyXt5M/yhz8ekcb1A==}
    engines: {node: '>=8'}

  signal-exit@3.0.7:
    resolution: {integrity: sha512-wnD2ZE+l+SPC/uoS0vXeE9L1+0wuaMqKlfz9AMUo38JsyLSBWSFcHR1Rri62LZc12vLr1gb3jl7iwQhgwpAbGQ==}

  source-map-js@1.2.1:
    resolution: {integrity: sha512-UXWMKhLOwVKb728IUtQPXxfYU+usdybtUrK/8uGE8CQMvrhOpwvzDBwj0QhSL7MQc7vIsISBG8VQ8+IDQxpfQA==}
    engines: {node: '>=0.10.0'}

  streamx@2.28.0:
    resolution: {integrity: sha512-1Yowhzjf0ivGMrTIkY9hav5TxobO9qIVqUE41fiCGMGgc3CLlf4MY+9AHmZqBWgDTue0fY9zWjYFVyf6Diuobw==}

  string-width@7.2.0:
    resolution: {integrity: sha512-tsaTIkKW9b4N+AEj+SVA+WhJzV7/zMhcSu78mLKWSk7cXMOSHsBKFWUs0fWwq8QyK3MgJBQRX6Gbi4kYbdvGkQ==}
    engines: {node: '>=18'}

  strip-ansi@7.2.0:
    resolution: {integrity: sha512-yDPMNjp4WyfYBkHnjIRLfca1i6KMyGCtsVgoKe/z1+6vukgaENdgGBZt+ZmKPc4gavvEZ5OgHfHdrazhgNyG7w==}
    engines: {node: '>=12'}

  strip-final-newline@2.0.0:
    resolution: {integrity: sha512-BrpvfNAE3dcvq7ll3xVumzjKjZQ5tI1sEUIKr3Uoks0XUl45St3FlatVqef9prk4jRDzhW6WZg+3bk93y6pLjA==}
    engines: {node: '>=6'}

  styled-jsx@5.1.6:
    resolution: {integrity: sha512-qSVyDTeMotdvQYoHWLNGwRFJHC+i+ZvdBRYosOFgC+Wg1vx4frN2/RG/NA7SYqqvKNLf39P2LSRA2pu6n0XYZA==}
    engines: {node: '>= 12.0.0'}
    peerDependencies:
      '@babel/core': '*'
      babel-plugin-macros: '*'
      react: '>= 16.8.0 || 17.x.x || ^18.0.0-0 || ^19.0.0-0'
    peerDependenciesMeta:
      '@babel/core':
        optional: true
      babel-plugin-macros:
        optional: true

  tar-fs@3.1.3:
    resolution: {integrity: sha512-/hU4AXnIdZu+Gvl1pk0oI5f5HxWsCJRtY2aFaJdk9VvyL48DWU6iU5WAIPG+wIi1YvWA6eTJvIviP/tMAZZNwQ==}

  tar-stream@3.2.0:
    resolution: {integrity: sha512-ojzvCvVaNp6aOTFmG7jaRD0meowIAuPc3cMMhSgKiVWws1GyHbGd/xvnyuRKcKlMpt3qvxx6r0hreCNITP9hIg==}

  teex@1.0.1:
    resolution: {integrity: sha512-eYE6iEI62Ni1H8oIa7KlDU6uQBtqr4Eajni3wX7rpfXD8ysFx8z0+dri+KWEPWpBsxXfxu58x/0jvTVT1ekOSg==}

  text-decoder@1.2.7:
    resolution: {integrity: sha512-vlLytXkeP4xvEq2otHeJfSQIRyWxo/oZGEbXrtEEF9Hnmrdly59sUbzZ/QgyWuLYHctCHxFF4tRQZNQ9k60ExQ==}

  throttleit@2.1.0:
    resolution: {integrity: sha512-nt6AMGKW1p/70DF/hGBdJB57B8Tspmbp5gfJ8ilhLnt7kkr2ye7hzD6NVG8GGErk2HWF34igrL2CXmNIkzKqKw==}
    engines: {node: '>=18'}

  tslib@2.8.1:
    resolution: {integrity: sha512-oJFu94HQb+KVduSUQL7wnpmqnfmLsOA/nAh6b6EH0wCEoK0/mPeXU6c3wKDV83MkOuHPRHtSXKKU99IBazS/2w==}

  typed-query-selector@2.12.2:
    resolution: {integrity: sha512-EOPFbyIub4ngnEdqi2yOcNeDLaX/0jcE1JoAXQDDMIthap7FoN795lc/SHfIq2d416VufXpM8z/lD+WRm2gfOQ==}

  typescript@5.9.3:
    resolution: {integrity: sha512-jl1vZzPDinLr9eUt3J/t7V6FgNEw9QjvBPdysz9KfQDD41fQrC2Y4vKQdiaUpFT4bXlb1RHhLpp8wtm6M5TgSw==}
    engines: {node: '>=14.17'}
    hasBin: true

  undici-types@6.21.0:
    resolution: {integrity: sha512-iwDZqg0QAGrg9Rav5H4n0M64c3mkR59cJ6wQp+7C4nI0gsmExaedaYLNO44eT4AtBBwjbTiGPMlt2Md0T9H9JQ==}

  undici@6.27.0:
    resolution: {integrity: sha512-YmfV3YnEDzXRC5lZ2jWtWWHKGUm1zIt8AhesR1tens+HTNv+YZlN/dp6G727LOvMJ8xjP9Be7Y2Sdr96LDm+pg==}
    engines: {node: '>=18.17'}

  webdriver-bidi-protocol@0.4.2:
    resolution: {integrity: sha512-VSV+fzfChirL3e7jay2yUC7B4HQCGtEWEg/MSSQbK+qWbqeGlRLlXTzPpYr3XGUvbpDHumWZBJxgesg4N7dbtA==}

  which@2.0.2:
    resolution: {integrity: sha512-BLI3Tl1TW3Pvl70l3yq3Y64i+awpwXqsGBYWkkqMtnbXgrMD+yj7rhW0kuEDxzJaYXGjEW5ogapKNMEKNMjibA==}
    engines: {node: '>= 8'}
    hasBin: true

  wrap-ansi@9.0.2:
    resolution: {integrity: sha512-42AtmgqjV+X1VpdOfyTGOYRi0/zsoLqtXQckTmqTeybT+BDIbM/Guxo7x3pE2vtpr1ok6xRqM9OpBe+Jyoqyww==}
    engines: {node: '>=18'}

  wrappy@1.0.2:
    resolution: {integrity: sha512-l4Sp/DRseor9wL6EvV2+TuQn63dMkPjZ/sp9XkghTEbV9KlPS1xUsZ3u7/IQO4wxtcFB4bgpQPRcR3QCvezPcQ==}

  ws@8.21.0:
    resolution: {integrity: sha512-Vsp28b7DRcimFQvrqu2Wek3z1iYxDCWqHYB8Qsnk/S4RfaCQzPGPyBNuVjJV3cd6UiKtUtp6sNM77gWvzcCH+g==}
    engines: {node: '>=10.0.0'}
    peerDependencies:
      bufferutil: ^4.0.1
      utf-8-validate: '>=5.0.2'
    peerDependenciesMeta:
      bufferutil:
        optional: true
      utf-8-validate:
        optional: true

  xdg-app-paths@5.5.1:
    resolution: {integrity: sha512-hI3flOB4PLZIy5prbtTpirobtPE2ZtZ52szO+2mM9Efp6ErM398La+C1lIpNWDfNoQk+6Lsi6nMcCwVB7pxeMQ==}
    engines: {node: '>= 6.0'}

  xdg-portable@7.3.0:
    resolution: {integrity: sha512-sqMMuL1rc0FmMBOzCpd0yuy9trqF2yTTVe+E9ogwCSWQCdDEtQUwrZPT6AxqtsFGRNxycgncbP/xmOOSPw5ZUw==}
    engines: {node: '>= 6.0'}

  y18n@5.0.8:
    resolution: {integrity: sha512-0pfFzegeDWJHJIAmTLRP2DwHjdF5s7jo9tuztdQxAhINCdvS+3nGINqPd00AphqJR/0LhANUS6/+7SCb98YOfA==}
    engines: {node: '>=10'}

  yargs-parser@22.0.0:
    resolution: {integrity: sha512-rwu/ClNdSMpkSrUb+d6BRsSkLUq1fmfsY6TOpYzTwvwkg1/NRG85KBy3kq++A8LKQwX6lsu+aWad+2khvuXrqw==}
    engines: {node: ^20.19.0 || ^22.12.0 || >=23}

  yargs@18.0.0:
    resolution: {integrity: sha512-4UEqdc2RYGHZc7Doyqkrqiln3p9X2DZVxaGbwhn2pi7MrRagKaOcIKe8L3OxYcbhXLgLFUS3zAYuQjKBQgmuNg==}
    engines: {node: ^20.19.0 || ^22.12.0 || >=23}

  zod@3.25.76:
    resolution: {integrity: sha512-gzUt/qt81nXsFGKIFcC3YnfEAx5NkunCfnDlvuBSSFS02bcXu4Lmea0AFIUwbLWxWPx3d9p8S5QoaujKcNQxcQ==}

  zod@4.1.11:
    resolution: {integrity: sha512-WPsqwxITS2tzx1bzhIKsEs19ABD5vmCVa4xBo2tq/SrV4RNZtfws1EnCWQXM6yh8bD08a1idvkB5MZSBiZsjwg==}

snapshots:

  '@emnapi/runtime@1.11.2':
    dependencies:
      tslib: 2.8.1
    optional: true

  '@img/colour@1.1.0':
    optional: true

  '@img/sharp-darwin-arm64@0.34.5':
    optionalDependencies:
      '@img/sharp-libvips-darwin-arm64': 1.2.4
    optional: true

  '@img/sharp-darwin-x64@0.34.5':
    optionalDependencies:
      '@img/sharp-libvips-darwin-x64': 1.2.4
    optional: true

  '@img/sharp-libvips-darwin-arm64@1.2.4':
    optional: true

  '@img/sharp-libvips-darwin-x64@1.2.4':
    optional: true

  '@img/sharp-libvips-linux-arm64@1.2.4':
    optional: true

  '@img/sharp-libvips-linux-arm@1.2.4':
    optional: true

  '@img/sharp-libvips-linux-ppc64@1.2.4':
    optional: true

  '@img/sharp-libvips-linux-riscv64@1.2.4':
    optional: true

  '@img/sharp-libvips-linux-s390x@1.2.4':
    optional: true

  '@img/sharp-libvips-linux-x64@1.2.4':
    optional: true

  '@img/sharp-libvips-linuxmusl-arm64@1.2.4':
    optional: true

  '@img/sharp-libvips-linuxmusl-x64@1.2.4':
    optional: true

  '@img/sharp-linux-arm64@0.34.5':
    optionalDependencies:
      '@img/sharp-libvips-linux-arm64': 1.2.4
    optional: true

  '@img/sharp-linux-arm@0.34.5':
    optionalDependencies:
      '@img/sharp-libvips-linux-arm': 1.2.4
    optional: true

  '@img/sharp-linux-ppc64@0.34.5':
    optionalDependencies:
      '@img/sharp-libvips-linux-ppc64': 1.2.4
    optional: true

  '@img/sharp-linux-riscv64@0.34.5':
    optionalDependencies:
      '@img/sharp-libvips-linux-riscv64': 1.2.4
    optional: true

  '@img/sharp-linux-s390x@0.34.5':
    optionalDependencies:
      '@img/sharp-libvips-linux-s390x': 1.2.4
    optional: true

  '@img/sharp-linux-x64@0.34.5':
    optionalDependencies:
      '@img/sharp-libvips-linux-x64': 1.2.4
    optional: true

  '@img/sharp-linuxmusl-arm64@0.34.5':
    optionalDependencies:
      '@img/sharp-libvips-linuxmusl-arm64': 1.2.4
    optional: true

  '@img/sharp-linuxmusl-x64@0.34.5':
    optionalDependencies:
      '@img/sharp-libvips-linuxmusl-x64': 1.2.4
    optional: true

  '@img/sharp-wasm32@0.34.5':
    dependencies:
      '@emnapi/runtime': 1.11.2
    optional: true

  '@img/sharp-win32-arm64@0.34.5':
    optional: true

  '@img/sharp-win32-ia32@0.34.5':
    optional: true

  '@img/sharp-win32-x64@0.34.5':
    optional: true

  '@next/env@16.2.9': {}

  '@next/swc-darwin-arm64@16.2.9':
    optional: true

  '@next/swc-darwin-x64@16.2.9':
    optional: true

  '@next/swc-linux-arm64-gnu@16.2.9':
    optional: true

  '@next/swc-linux-arm64-musl@16.2.9':
    optional: true

  '@next/swc-linux-x64-gnu@16.2.9':
    optional: true

  '@next/swc-linux-x64-musl@16.2.9':
    optional: true

  '@next/swc-win32-arm64-msvc@16.2.9':
    optional: true

  '@next/swc-win32-x64-msvc@16.2.9':
    optional: true

  '@puppeteer/browsers@3.0.6':
    dependencies:
      modern-tar: 0.7.6
      yargs: 18.0.0

  '@sparticuz/chromium@149.0.0':
    dependencies:
      tar-fs: 3.1.3
    transitivePeerDependencies:
      - bare-abort-controller
      - bare-buffer
      - react-native-b4a

  '@swc/helpers@0.5.15':
    dependencies:
      tslib: 2.8.1

  '@types/node@20.19.43':
    dependencies:
      undici-types: 6.21.0

  '@types/react-dom@19.2.3(@types/react@19.2.17)':
    dependencies:
      '@types/react': 19.2.17

  '@types/react@19.2.17':
    dependencies:
      csstype: 3.2.3

  '@vercel/blob@2.6.1':
    dependencies:
      '@vercel/oidc': 3.8.0
      async-retry: 1.3.3
      is-buffer: 2.0.5
      is-node-process: 1.2.0
      throttleit: 2.1.0
      undici: 6.27.0

  '@vercel/cli-config@0.2.0':
    dependencies:
      xdg-app-paths: 5.5.1
      zod: 4.1.11

  '@vercel/cli-exec@1.0.0':
    dependencies:
      execa: 5.1.1

  '@vercel/oidc@3.8.0':
    dependencies:
      '@vercel/cli-config': 0.2.0
      '@vercel/cli-exec': 1.0.0
      jose: 5.10.0

  ansi-regex@6.2.2: {}

  ansi-styles@6.2.3: {}

  async-retry@1.3.3:
    dependencies:
      retry: 0.13.1

  b4a@1.8.1: {}

  bare-events@2.9.1: {}

  bare-fs@4.7.4:
    dependencies:
      bare-events: 2.9.1
      bare-path: 3.1.1
      bare-stream: 2.13.3(bare-events@2.9.1)
      bare-url: 2.4.5
      fast-fifo: 1.3.2
    transitivePeerDependencies:
      - bare-abort-controller
      - react-native-b4a

  bare-path@3.1.1: {}

  bare-stream@2.13.3(bare-events@2.9.1):
    dependencies:
      b4a: 1.8.1
      streamx: 2.28.0
      teex: 1.0.1
    optionalDependencies:
      bare-events: 2.9.1
    transitivePeerDependencies:
      - react-native-b4a

  bare-url@2.4.5:
    dependencies:
      bare-path: 3.1.1

  baseline-browser-mapping@2.10.43: {}

  caniuse-lite@1.0.30001805: {}

  chromium-bidi@16.0.1(devtools-protocol@0.0.1638949):
    dependencies:
      devtools-protocol: 0.0.1638949
      mitt: 3.0.1
      zod: 3.25.76

  client-only@0.0.1: {}

  cliui@9.0.1:
    dependencies:
      string-width: 7.2.0
      strip-ansi: 7.2.0
      wrap-ansi: 9.0.2

  cross-spawn@7.0.6:
    dependencies:
      path-key: 3.1.1
      shebang-command: 2.0.0
      which: 2.0.2

  csstype@3.2.3: {}

  detect-libc@2.1.2:
    optional: true

  devtools-protocol@0.0.1638949: {}

  emoji-regex@10.6.0: {}

  end-of-stream@1.4.5:
    dependencies:
      once: 1.4.0

  escalade@3.2.0: {}

  events-universal@1.0.1:
    dependencies:
      bare-events: 2.9.1
    transitivePeerDependencies:
      - bare-abort-controller

  execa@5.1.1:
    dependencies:
      cross-spawn: 7.0.6
      get-stream: 6.0.1
      human-signals: 2.1.0
      is-stream: 2.0.1
      merge-stream: 2.0.0
      npm-run-path: 4.0.1
      onetime: 5.1.2
      signal-exit: 3.0.7
      strip-final-newline: 2.0.0

  fast-fifo@1.3.2: {}

  get-caller-file@2.0.5: {}

  get-east-asian-width@1.6.0: {}

  get-stream@6.0.1: {}

  human-signals@2.1.0: {}

  is-buffer@2.0.5: {}

  is-node-process@1.2.0: {}

  is-stream@2.0.1: {}

  isexe@2.0.0: {}

  jose@5.10.0: {}

  merge-stream@2.0.0: {}

  mimic-fn@2.1.0: {}

  mitt@3.0.1: {}

  modern-tar@0.7.6: {}

  nanoid@3.3.16: {}

  next@16.2.9(react-dom@19.2.4(react@19.2.4))(react@19.2.4):
    dependencies:
      '@next/env': 16.2.9
      '@swc/helpers': 0.5.15
      baseline-browser-mapping: 2.10.43
      caniuse-lite: 1.0.30001805
      postcss: 8.4.31
      react: 19.2.4
      react-dom: 19.2.4(react@19.2.4)
      styled-jsx: 5.1.6(react@19.2.4)
    optionalDependencies:
      '@next/swc-darwin-arm64': 16.2.9
      '@next/swc-darwin-x64': 16.2.9
      '@next/swc-linux-arm64-gnu': 16.2.9
      '@next/swc-linux-arm64-musl': 16.2.9
      '@next/swc-linux-x64-gnu': 16.2.9
      '@next/swc-linux-x64-musl': 16.2.9
      '@next/swc-win32-arm64-msvc': 16.2.9
      '@next/swc-win32-x64-msvc': 16.2.9
      sharp: 0.34.5
    transitivePeerDependencies:
      - '@babel/core'
      - babel-plugin-macros

  npm-run-path@4.0.1:
    dependencies:
      path-key: 3.1.1

  once@1.4.0:
    dependencies:
      wrappy: 1.0.2

  onetime@5.1.2:
    dependencies:
      mimic-fn: 2.1.0

  os-paths@4.4.0: {}

  path-key@3.1.1: {}

  picocolors@1.1.1: {}

  postcss@8.4.31:
    dependencies:
      nanoid: 3.3.16
      picocolors: 1.1.1
      source-map-js: 1.2.1

  pump@3.0.4:
    dependencies:
      end-of-stream: 1.4.5
      once: 1.4.0

  puppeteer-core@25.3.0:
    dependencies:
      '@puppeteer/browsers': 3.0.6
      chromium-bidi: 16.0.1(devtools-protocol@0.0.1638949)
      devtools-protocol: 0.0.1638949
      typed-query-selector: 2.12.2
      webdriver-bidi-protocol: 0.4.2
      ws: 8.21.0
    transitivePeerDependencies:
      - bufferutil
      - proxy-agent
      - utf-8-validate
      - yauzl

  react-dom@19.2.4(react@19.2.4):
    dependencies:
      react: 19.2.4
      scheduler: 0.27.0

  react@19.2.4: {}

  retry@0.13.1: {}

  scheduler@0.27.0: {}

  semver@7.8.5:
    optional: true

  sharp@0.34.5:
    dependencies:
      '@img/colour': 1.1.0
      detect-libc: 2.1.2
      semver: 7.8.5
    optionalDependencies:
      '@img/sharp-darwin-arm64': 0.34.5
      '@img/sharp-darwin-x64': 0.34.5
      '@img/sharp-libvips-darwin-arm64': 1.2.4
      '@img/sharp-libvips-darwin-x64': 1.2.4
      '@img/sharp-libvips-linux-arm': 1.2.4
      '@img/sharp-libvips-linux-arm64': 1.2.4
      '@img/sharp-libvips-linux-ppc64': 1.2.4
      '@img/sharp-libvips-linux-riscv64': 1.2.4
      '@img/sharp-libvips-linux-s390x': 1.2.4
      '@img/sharp-libvips-linux-x64': 1.2.4
      '@img/sharp-libvips-linuxmusl-arm64': 1.2.4
      '@img/sharp-libvips-linuxmusl-x64': 1.2.4
      '@img/sharp-linux-arm': 0.34.5
      '@img/sharp-linux-arm64': 0.34.5
      '@img/sharp-linux-ppc64': 0.34.5
      '@img/sharp-linux-riscv64': 0.34.5
      '@img/sharp-linux-s390x': 0.34.5
      '@img/sharp-linux-x64': 0.34.5
      '@img/sharp-linuxmusl-arm64': 0.34.5
      '@img/sharp-linuxmusl-x64': 0.34.5
      '@img/sharp-wasm32': 0.34.5
      '@img/sharp-win32-arm64': 0.34.5
      '@img/sharp-win32-ia32': 0.34.5
      '@img/sharp-win32-x64': 0.34.5
    optional: true

  shebang-command@2.0.0:
    dependencies:
      shebang-regex: 3.0.0

  shebang-regex@3.0.0: {}

  signal-exit@3.0.7: {}

  source-map-js@1.2.1: {}

  streamx@2.28.0:
    dependencies:
      events-universal: 1.0.1
      fast-fifo: 1.3.2
      text-decoder: 1.2.7
    transitivePeerDependencies:
      - bare-abort-controller
      - react-native-b4a

  string-width@7.2.0:
    dependencies:
      emoji-regex: 10.6.0
      get-east-asian-width: 1.6.0
      strip-ansi: 7.2.0

  strip-ansi@7.2.0:
    dependencies:
      ansi-regex: 6.2.2

  strip-final-newline@2.0.0: {}

  styled-jsx@5.1.6(react@19.2.4):
    dependencies:
      client-only: 0.0.1
      react: 19.2.4

  tar-fs@3.1.3:
    dependencies:
      pump: 3.0.4
      tar-stream: 3.2.0
    optionalDependencies:
      bare-fs: 4.7.4
      bare-path: 3.1.1
    transitivePeerDependencies:
      - bare-abort-controller
      - bare-buffer
      - react-native-b4a

  tar-stream@3.2.0:
    dependencies:
      b4a: 1.8.1
      bare-fs: 4.7.4
      fast-fifo: 1.3.2
      streamx: 2.28.0
    transitivePeerDependencies:
      - bare-abort-controller
      - bare-buffer
      - react-native-b4a

  teex@1.0.1:
    dependencies:
      streamx: 2.28.0
    transitivePeerDependencies:
      - bare-abort-controller
      - react-native-b4a

  text-decoder@1.2.7:
    dependencies:
      b4a: 1.8.1
    transitivePeerDependencies:
      - react-native-b4a

  throttleit@2.1.0: {}

  tslib@2.8.1: {}

  typed-query-selector@2.12.2: {}

  typescript@5.9.3: {}

  undici-types@6.21.0: {}

  undici@6.27.0: {}

  webdriver-bidi-protocol@0.4.2: {}

  which@2.0.2:
    dependencies:
      isexe: 2.0.0

  wrap-ansi@9.0.2:
    dependencies:
      ansi-styles: 6.2.3
      string-width: 7.2.0
      strip-ansi: 7.2.0

  wrappy@1.0.2: {}

  ws@8.21.0: {}

  xdg-app-paths@5.5.1:
    dependencies:
      os-paths: 4.4.0
      xdg-portable: 7.3.0

  xdg-portable@7.3.0:
    dependencies:
      os-paths: 4.4.0

  y18n@5.0.8: {}

  yargs-parser@22.0.0: {}

  yargs@18.0.0:
    dependencies:
      cliui: 9.0.1
      escalade: 3.2.0
      get-caller-file: 2.0.5
      string-width: 7.2.0
      y18n: 5.0.8
      yargs-parser: 22.0.0

  zod@3.25.76: {}

  zod@4.1.11: {}
